// !$*UTF8*$!
{
	archiveVersion = 1;
	classes = {
	};
	objectVersion = 50;
	objects = {

/* Begin PBXBuildFile section */
		D205F93E2670935200116DA5 /* CryptoTableViewCell.swift in Sources */ = {isa = PBXBuildFile; fileRef = D205F93D2670935200116DA5 /* CryptoTableViewCell.swift */; };
		D226700726E34D1A009A9A9E /* Assets.xcassets in Resources */ = {isa = PBXBuildFile; fileRef = D226700626E34D1A009A9A9E /* Assets.xcassets */; };
		D25DEC382669F40B00ED0A0B /* AppDelegate.swift in Sources */ = {isa = PBXBuildFile; fileRef = D25DEC372669F40B00ED0A0B /* AppDelegate.swift */; };
		D25DEC3A2669F40B00ED0A0B /* SceneDelegate.swift in Sources */ = {isa = PBXBuildFile; fileRef = D25DEC392669F40B00ED0A0B /* SceneDelegate.swift */; };
		D25DEC3C2669F40B00ED0A0B /* ViewController.swift in Sources */ = {isa = PBXBuildFile; fileRef = D25DEC3B2669F40B00ED0A0B /* ViewController.swift */; };
		D25DEC3F2669F40B00ED0A0B /* Main.storyboard in Resources */ = {isa = PBXBuildFile; fileRef = D25DEC3D2669F40B00ED0A0B /* Main.storyboard */; };
		D25DEC442669F40B00ED0A0B /* LaunchScreen.storyboard in Resources */ = {isa = PBXBuildFile; fileRef = D25DEC422669F40B00ED0A0B /* LaunchScreen.storyboard */; };
		D25DEC4F2669F40B00ED0A0B /* CryptoTrackTests.swift in Sources */ = {isa = PBXBuildFile; fileRef = D25DEC4E2669F40B00ED0A0B /* CryptoTrackTests.swift */; };
		D25DEC5A2669F40B00ED0A0B /* CryptoTrackUITests.swift in Sources */ = {isa = PBXBuildFile; fileRef = D25DEC592669F40B00ED0A0B /* CryptoTrackUITests.swift */; };
		D25DEC6B2669F57F00ED0A0B /* APICaller.swift in Sources */ = {isa = PBXBuildFile; fileRef = D25DEC6A2669F57F00ED0A0B /* APICaller.swift */; };
		D2A673E2267970310009C800 /* Models.swift in Sources */ = {isa = PBXBuildFile; fileRef = D2A673E1267970310009C800 /* Models.swift */; };
/* End PBXBuildFile section */

/* Begin PBXContainerItemProxy section */
		D25DEC4B2669F40B00ED0A0B /* PBXContainerItemProxy */ = {
			isa = PBXContainerItemProxy;
			containerPortal = D25DEC2C2669F40B00ED0A0B /* Project object */;
			proxyType = 1;
			remoteGlobalIDString = D25DEC332669F40B00ED0A0B;
			remoteInfo = CryptoTrack;
		};
		D25DEC562669F40B00ED0A0B /* PBXContainerItemProxy */ = {
			isa = PBXContainerItemProxy;
			containerPortal = D25DEC2C2669F40B00ED0A0B /* Project object */;
			proxyType = 1;
			remoteGlobalIDString = D25DEC332669F40B00ED0A0B;
			remoteInfo = CryptoTrack;
		};
/* End PBXContainerItemProxy section */

/* Begin PBXFileReference section */
		D205F93D2670935200116DA5 /* CryptoTableViewCell.swift */ = {isa = PBXFileReference; lastKnownFileType = sourcecode.swift; path = CryptoTableViewCell.swift; sourceTree = "<group>"; };
		D226700626E34D1A009A9A9E /* Assets.xcassets */ = {isa = PBXFileReference; lastKnownFileType = folder.assetcatalog; name = Assets.xcassets; path = "../../../../../Downloads/AppIcons-2/Assets.xcassets"; sourceTree = "<group>"; };
		D25DEC342669F40B00ED0A0B /* CryptoTrack.app */ = {isa = PBXFileReference; explicitFileType = wrapper.application; includeInIndex = 0; path = CryptoTrack.app; sourceTree = BUILT_PRODUCTS_DIR; };
		D25DEC372669F40B00ED0A0B /* AppDelegate.swift */ = {isa = PBXFileReference; lastKnownFileType = sourcecode.swift; path = AppDelegate.swift; sourceTree = "<group>"; };
		D25DEC392669F40B00ED0A0B /* SceneDelegate.swift */ = {isa = PBXFileReference; lastKnownFileType = sourcecode.swift; path = SceneDelegate.swift; sourceTree = "<group>"; };
		D25DEC3B2669F40B00ED0A0B /* ViewController.swift */ = {isa = PBXFileReference; lastKnownFileType = sourcecode.swift; path = ViewController.swift; sourceTree = "<group>"; };
		D25DEC3E2669F40B00ED0A0B /* Base */ = {isa = PBXFileReference; lastKnownFileType = file.storyboard; name = Base; path = Base.lproj/Main.storyboard; sourceTree = "<group>"; };
		D25DEC432669F40B00ED0A0B /* Base */ = {isa = PBXFileReference; lastKnownFileType = file.storyboard; name = Base; path = Base.lproj/LaunchScreen.storyboard; sourceTree = "<group>"; };
		D25DEC452669F40B00ED0A0B /* Info.plist */ = {isa = PBXFileReference; lastKnownFileType = text.plist.xml; path = Info.plist; sourceTree = "<group>"; };
		D25DEC4A2669F40B00ED0A0B /* CryptoTrackTests.xctest */ = {isa = PBXFileReference; explicitFileType = wrapper.cfbundle; includeInIndex = 0; path = CryptoTrackTests.xctest; sourceTree = BUILT_PRODUCTS_DIR; };
		D25DEC4E2669F40B00ED0A0B /* CryptoTrackTests.swift */ = {isa = PBXFileReference; lastKnownFileType = sourcecode.swift; path = CryptoTrackTests.swift; sourceTree = "<group>"; };
		D25DEC502669F40B00ED0A0B /* Info.plist */ = {isa = PBXFileReference; lastKnownFileType = text.plist.xml; path = Info.plist; sourceTree = "<group>"; };
		D25DEC552669F40B00ED0A0B /* CryptoTrackUITests.xctest */ = {isa = PBXFileReference; explicitFileType = wrapper.cfbundle; includeInIndex = 0; path = CryptoTrackUITests.xctest; sourceTree = BUILT_PRODUCTS_DIR; };
		D25DEC592669F40B00ED0A0B /* CryptoTrackUITests.swift */ = {isa = PBXFileReference; lastKnownFileType = sourcecode.swift; path = CryptoTrackUITests.swift; sourceTree = "<group>"; };
		D25DEC5B2669F40B00ED0A0B /* Info.plist */ = {isa = PBXFileReference; lastKnownFileType = text.plist.xml; path = Info.plist; sourceTree = "<group>"; };
		D25DEC6A2669F57F00ED0A0B /* APICaller.swift */ = {isa = PBXFileReference; lastKnownFileType = sourcecode.swift; path = APICaller.swift; sourceTree = "<group>"; };
		D2A673E1267970310009C800 /* Models.swift */ = {isa = PBXFileReference; lastKnownFileType = sourcecode.swift; path = Models.swift; sourceTree = "<group>"; };
/* End PBXFileReference section */

/* Begin PBXFrameworksBuildPhase section */
		D25DEC312669F40B00ED0A0B /* Frameworks */ = {
			isa = PBXFrameworksBuildPhase;
			buildActionMask = 2147483647;
			files = (
			);
			runOnlyForDeploymentPostprocessing = 0;
		};
		D25DEC472669F40B00ED0A0B /* Frameworks */ = {
			isa = PBXFrameworksBuildPhase;
			buildActionMask = 2147483647;
			files = (
			);
			runOnlyForDeploymentPostprocessing = 0;
		};
		D25DEC522669F40B00ED0A0B /* Frameworks */ = {
			isa = PBXFrameworksBuildPhase;
			buildActionMask = 2147483647;
			files = (
			);
			runOnlyForDeploymentPostprocessing = 0;
		};
/* End PBXFrameworksBuildPhase section */

/* Begin PBXGroup section */
		D25DEC2B2669F40B00ED0A0B = {
			isa = PBXGroup;
			children = (
				D25DEC362669F40B00ED0A0B /* CryptoTrack */,
				D25DEC4D2669F40B00ED0A0B /* CryptoTrackTests */,
				D25DEC582669F40B00ED0A0B /* CryptoTrackUITests */,
				D25DEC352669F40B00ED0A0B /* Products */,
			);
			sourceTree = "<group>";
		};
		D25DEC352669F40B00ED0A0B /* Products */ = {
			isa = PBXGroup;
			children = (
				D25DEC342669F40B00ED0A0B /* CryptoTrack.app */,
				D25DEC4A2669F40B00ED0A0B /* CryptoTrackTests.xctest */,
				D25DEC552669F40B00ED0A0B /* CryptoTrackUITests.xctest */,
			);
			name = Products;
			sourceTree = "<group>";
		};
		D25DEC362669F40B00ED0A0B /* CryptoTrack */ = {
			isa = PBXGroup;
			children = (
				D25DEC372669F40B00ED0A0B /* AppDelegate.swift */,
				D25DEC392669F40B00ED0A0B /* SceneDelegate.swift */,
				D25DEC3B2669F40B00ED0A0B /* ViewController.swift */,
				D25DEC3D2669F40B00ED0A0B /* Main.storyboard */,
				D25DEC422669F40B00ED0A0B /* LaunchScreen.storyboard */,
				D226700626E34D1A009